
Microsoft Visual Studio Solution File, Format Version 12.00
# Visual Studio Version 17
VisualStudioVersion = 17.3.32922.545
MinimumVisualStudioVersion = 10.0.40219.1
Project("{FAE04EC0-301F-11D3-BF4B-00C04F79EFBC}") = "work3", "work3\work3.csproj", "{52FF7E57-F055-4ACF-AC77-DDB5680BCC5E}"
EndProject
Global
	GlobalSection(SolutionConfigurationPlatforms) = preSolution
		Debug|Any CPU = Debug|Any CPU
		Release|Any CPU = Release|Any CPU
	EndGlobalSection
	GlobalSection(ProjectConfigurationPlatforms) = postSolution
		{52FF7E57-F055-4ACF-AC77-DDB5680BCC5E}.Debug|Any CPU.ActiveCfg = Debug|Any CPU
		{52FF7E57-F055-4ACF-AC77-DDB5680BCC5E}.Debug|Any CPU.Build.0 = Debug|Any CPU
		{52FF7E57-F055-4ACF-AC77-DDB5680BCC5E}.Release|Any CPU.ActiveCfg = Release|Any CPU
		{52FF7E57-F055-4ACF-AC77-DDB5680BCC5E}.Release|Any CPU.Build.0 = Release|Any CPU
	EndGlobalSection
	GlobalSection(SolutionProperties) = preSolution
		HideSolutionNode = FALSE
	EndGlobalSection
	GlobalSection(ExtensibilityGlobals) = postSolution
		SolutionGuid = {96BD2DD3-35E5-4E8D-9753-B0CCB0454060}
	EndGlobalSection
EndGlobal
